// !$*UTF8*$!
{
	archiveVersion = 1;
	classes = {
	};
	objectVersion = 50;
	objects = {

/* Begin PBXBuildFile section */
		D344AB4426D8772200F990E7 /* Math.swift in Sources */ = {isa = PBXBuildFile; fileRef = D344AB4326D8772200F990E7 /* Math.swift */; };
		D344AB4626D8CBF000F990E7 /* ChartType.swift in Sources */ = {isa = PBXBuildFile; fileRef = D344AB4526D8CBF000F990E7 /* ChartType.swift */; };
		D345FCCF26A7CA4C00A9126C /* CitizenDetailForm.swift in Sources */ = {isa = PBXBuildFile; fileRef = D345FCCE26A7CA4C00A9126C /* CitizenDetailForm.swift */; };
		D345FCD126A7CEAD00A9126C /* SimpleSubject.swift in Sources */ = {isa = PBXBuildFile; fileRef = D345FCD026A7CEAD00A9126C /* SimpleSubject.swift */; };
		D345FCD626A7D4C100A9126C /* Stackable.swift in Sources */ = {isa = PBXBuildFile; fileRef = D345FCD326A7D4C100A9126C /* Stackable.swift */; };
		D345FCD726A7D4C100A9126C /* VStackView.swift in Sources */ = {isa = PBXBuildFile; fileRef = D345FCD426A7D4C100A9126C /* VStackView.swift */; };
		D345FCD826A7D4C100A9126C /* VStackScroll.swift in Sources */ = {isa = PBXBuildFile; fileRef = D345FCD526A7D4C100A9126C /* VStackScroll.swift */; };
		D3479A8326A552270006340F /* HomeNavigationController.swift in Sources */ = {isa = PBXBuildFile; fileRef = D3479A8226A552270006340F /* HomeNavigationController.swift */; };
		D3479A8626A555EF0006340F /* TransitioningAnimatable.swift in Sources */ = {isa = PBXBuildFile; fileRef = D3479A8526A555EF0006340F /* TransitioningAnimatable.swift */; };
		D3479A8B26A559AE0006340F /* UIView+AnimateSample.swift in Sources */ = {isa = PBXBuildFile; fileRef = D3479A8A26A559AE0006340F /* UIView+AnimateSample.swift */; };
		D3479A8D26A55A0D0006340F /* CitizenCollectionView.swift in Sources */ = {isa = PBXBuildFile; fileRef = D3479A8C26A55A0D0006340F /* CitizenCollectionView.swift */; };
		D3479A8F26A563500006340F /* Expandable.swift in Sources */ = {isa = PBXBuildFile; fileRef = D3479A8E26A563500006340F /* Expandable.swift */; };
		D3479A9126A570280006340F /* ExpandPopAnimator.swift in Sources */ = {isa = PBXBuildFile; fileRef = D3479A9026A570280006340F /* ExpandPopAnimator.swift */; };
		D347BA4526B77D0900292FC7 /* ScaleableCollectionLayout.swift in Sources */ = {isa = PBXBuildFile; fileRef = D347BA4426B77D0900292FC7 /* ScaleableCollectionLayout.swift */; };
		D348D6B426BA6875006229FA /* SelectorView.swift in Sources */ = {isa = PBXBuildFile; fileRef = D348D6B326BA6875006229FA /* SelectorView.swift */; };
		D348D6B626BA8D23006229FA /* TestBox.swift in Sources */ = {isa = PBXBuildFile; fileRef = D348D6B526BA8D23006229FA /* TestBox.swift */; };
		D364F4DE26A529CC00357EAE /* AppDelegate.swift in Sources */ = {isa = PBXBuildFile; fileRef = D364F4DD26A529CC00357EAE /* AppDelegate.swift */; };
		D364F4E026A529CC00357EAE /* SceneDelegate.swift in Sources */ = {isa = PBXBuildFile; fileRef = D364F4DF26A529CC00357EAE /* SceneDelegate.swift */; };
		D364F4E226A529CC00357EAE /* CellSpreadViewController.swift in Sources */ = {isa = PBXBuildFile; fileRef = D364F4E126A529CC00357EAE /* CellSpreadViewController.swift */; };
		D364F4E726A529CD00357EAE /* Assets.xcassets in Resources */ = {isa = PBXBuildFile; fileRef = D364F4E626A529CD00357EAE /* Assets.xcassets */; };
		D364F4EA26A529CD00357EAE /* LaunchScreen.storyboard in Resources */ = {isa = PBXBuildFile; fileRef = D364F4E826A529CD00357EAE /* LaunchScreen.storyboard */; };
		D364F4F526A53A8400357EAE /* CitizenMinimumCell.swift in Sources */ = {isa = PBXBuildFile; fileRef = D364F4F426A53A8400357EAE /* CitizenMinimumCell.swift */; };
		D364F4F826A53CB000357EAE /* CitizenInfo.swift in Sources */ = {isa = PBXBuildFile; fileRef = D364F4F726A53CB000357EAE /* CitizenInfo.swift */; };
		D364F50126A548AE00357EAE /* CellSpreadDetailViewController.swift in Sources */ = {isa = PBXBuildFile; fileRef = D364F50026A548AE00357EAE /* CellSpreadDetailViewController.swift */; };
		D364F50C26A54A7700357EAE /* ExpandPushAnimator.swift in Sources */ = {isa = PBXBuildFile; fileRef = D364F50A26A54A7700357EAE /* ExpandPushAnimator.swift */; };
		D364F50F26A54B2800357EAE /* ExpandAnimator.swift in Sources */ = {isa = PBXBuildFile; fileRef = D364F50E26A54B2800357EAE /* ExpandAnimator.swift */; };
		D36849F326E70041009A7336 /* HomeViewController.swift in Sources */ = {isa = PBXBuildFile; fileRef = D36849F226E70041009A7336 /* HomeViewController.swift */; };
		D36849F526E700CC009A7336 /* TestViewControllerData.swift in Sources */ = {isa = PBXBuildFile; fileRef = D36849F426E700CC009A7336 /* TestViewControllerData.swift */; };
		D36849F826E701DA009A7336 /* NumberViewController.swift in Sources */ = {isa = PBXBuildFile; fileRef = D36849F726E701DA009A7336 /* NumberViewController.swift */; };
		D36849FA26E703E5009A7336 /* HomeTableViewCell.swift in Sources */ = {isa = PBXBuildFile; fileRef = D36849F926E703E5009A7336 /* HomeTableViewCell.swift */; };
		D3684A0326E71458009A7336 /* ChartERSeries.swift in Sources */ = {isa = PBXBuildFile; fileRef = D36849FC26E71458009A7336 /* ChartERSeries.swift */; };
		D3684A0426E71458009A7336 /* ChartERView.swift in Sources */ = {isa = PBXBuildFile; fileRef = D36849FD26E71458009A7336 /* ChartERView.swift */; };
		D3684A0526E71458009A7336 /* ChartERBuilder.swift in Sources */ = {isa = PBXBuildFile; fileRef = D36849FF26E71458009A7336 /* ChartERBuilder.swift */; };
		D3684A0626E71458009A7336 /* LineChartERBuilder.swift in Sources */ = {isa = PBXBuildFile; fileRef = D3684A0026E71458009A7336 /* LineChartERBuilder.swift */; };
		D3684A0726E71458009A7336 /* BarChartERBuilder.swift in Sources */ = {isa = PBXBuildFile; fileRef = D3684A0126E71458009A7336 /* BarChartERBuilder.swift */; };
		D36B5CF926D473F70086DCAE /* RawScrollView.swift in Sources */ = {isa = PBXBuildFile; fileRef = D36B5CF826D473F70086DCAE /* RawScrollView.swift */; };
		D36B5CFB26D4740F0086DCAE /* RawScrollViewController.swift in Sources */ = {isa = PBXBuildFile; fileRef = D36B5CFA26D4740F0086DCAE /* RawScrollViewController.swift */; };
		D36B5CFD26D475110086DCAE /* CGPoint+AnimateSample.swift in Sources */ = {isa = PBXBuildFile; fileRef = D36B5CFC26D475110086DCAE /* CGPoint+AnimateSample.swift */; };
		D378DA2926AF86BA00743BED /* ChartViewController.swift in Sources */ = {isa = PBXBuildFile; fileRef = D378DA2826AF86BA00743BED /* ChartViewController.swift */; };
		D378DA2B26AF876E00743BED /* Number.swift in Sources */ = {isa = PBXBuildFile; fileRef = D378DA2A26AF876E00743BED /* Number.swift */; };
		D3A36FCA26AE6C0B00183BD3 /* HStackView.swift in Sources */ = {isa = PBXBuildFile; fileRef = D3A36FC926AE6C0B00183BD3 /* HStackView.swift */; };
		D3A36FCC26AE83D100183BD3 /* TransitioningInteractable.swift in Sources */ = {isa = PBXBuildFile; fileRef = D3A36FCB26AE83D100183BD3 /* TransitioningInteractable.swift */; };
		D3ACBC1126D719DE00DD3929 /* ChartView.swift in Sources */ = {isa = PBXBuildFile; fileRef = D3ACBC1026D719DE00DD3929 /* ChartView.swift */; };
		D3ACBC1326D71DCC00DD3929 /* ChartElements.swift in Sources */ = {isa = PBXBuildFile; fileRef = D3ACBC1226D71DCC00DD3929 /* ChartElements.swift */; };
		D3CB391426B123F400812554 /* DigitScrollLayer.swift in Sources */ = {isa = PBXBuildFile; fileRef = D3CB391326B123F400812554 /* DigitScrollLayer.swift */; };
		D3E683B826B7E7820086FB35 /* TestDetailViewController.swift in Sources */ = {isa = PBXBuildFile; fileRef = D3E683B726B7E7820086FB35 /* TestDetailViewController.swift */; };
		D3E683BA26B7E9640086FB35 /* TestExpandableCell.swift in Sources */ = {isa = PBXBuildFile; fileRef = D3E683B926B7E9640086FB35 /* TestExpandableCell.swift */; };
		D3F555E626CDDCF900C3A59A /* GridUXViewController.swift in Sources */ = {isa = PBXBuildFile; fileRef = D3F555E526CDDCF900C3A59A /* GridUXViewController.swift */; };
		D3F555E926CDE5EB00C3A59A /* CGFloat+AnimateSample.swift in Sources */ = {isa = PBXBuildFile; fileRef = D3F555E826CDE5EB00C3A59A /* CGFloat+AnimateSample.swift */; };
		D3F555EB26CDEAC300C3A59A /* GridUXCell.swift in Sources */ = {isa = PBXBuildFile; fileRef = D3F555EA26CDEAC300C3A59A /* GridUXCell.swift */; };
		D3F555EF26CE04FE00C3A59A /* DragCellInfo.swift in Sources */ = {isa = PBXBuildFile; fileRef = D3F555EE26CE04FE00C3A59A /* DragCellInfo.swift */; };
		D3F555F126CE2DBC00C3A59A /* GridCollectionViewLayout.swift in Sources */ = {isa = PBXBuildFile; fileRef = D3F555F026CE2DBC00C3A59A /* GridCollectionViewLayout.swift */; };
/* End PBXBuildFile section */

/* Begin PBXFileReference section */
		D344AB4326D8772200F990E7 /* Math.swift */ = {isa = PBXFileReference; lastKnownFileType = sourcecode.swift; path = Math.swift; sourceTree = "<group>"; };
		D344AB4526D8CBF000F990E7 /* ChartType.swift */ = {isa = PBXFileReference; lastKnownFileType = sourcecode.swift; path = ChartType.swift; sourceTree = "<group>"; };
		D345FCCE26A7CA4C00A9126C /* CitizenDetailForm.swift */ = {isa = PBXFileReference; lastKnownFileType = sourcecode.swift; path = CitizenDetailForm.swift; sourceTree = "<group>"; };
		D345FCD026A7CEAD00A9126C /* SimpleSubject.swift */ = {isa = PBXFileReference; lastKnownFileType = sourcecode.swift; path = SimpleSubject.swift; sourceTree = "<group>"; };
		D345FCD326A7D4C100A9126C /* Stackable.swift */ = {isa = PBXFileReference; fileEncoding = 4; lastKnownFileType = sourcecode.swift; path = Stackable.swift; sourceTree = "<group>"; };
		D345FCD426A7D4C100A9126C /* VStackView.swift */ = {isa = PBXFileReference; fileEncoding = 4; lastKnownFileType = sourcecode.swift; path = VStackView.swift; sourceTree = "<group>"; };
		D345FCD526A7D4C100A9126C /* VStackScroll.swift */ = {isa = PBXFileReference; fileEncoding = 4; lastKnownFileType = sourcecode.swift; path = VStackScroll.swift; sourceTree = "<group>"; };
		D3479A8226A552270006340F /* HomeNavigationController.swift */ = {isa = PBXFileReference; lastKnownFileType = sourcecode.swift; path = HomeNavigationController.swift; sourceTree = "<group>"; };
		D3479A8526A555EF0006340F /* TransitioningAnimatable.swift */ = {isa = PBXFileReference; lastKnownFileType = sourcecode.swift; path = TransitioningAnimatable.swift; sourceTree = "<group>"; };
		D3479A8A26A559AE0006340F /* UIView+AnimateSample.swift */ = {isa = PBXFileReference; lastKnownFileType = sourcecode.swift; path = "UIView+AnimateSample.swift"; sourceTree = "<group>"; };
		D3479A8C26A55A0D0006340F /* CitizenCollectionView.swift */ = {isa = PBXFileReference; lastKnownFileType = sourcecode.swift; path = CitizenCollectionView.swift; sourceTree = "<group>"; };
		D3479A8E26A563500006340F /* Expandable.swift */ = {isa = PBXFileReference; lastKnownFileType = sourcecode.swift; path = Expandable.swift; sourceTree = "<group>"; };
		D3479A9026A570280006340F /* ExpandPopAnimator.swift */ = {isa = PBXFileReference; lastKnownFileType = sourcecode.swift; path = ExpandPopAnimator.swift; sourceTree = "<group>"; };
		D347BA4426B77D0900292FC7 /* ScaleableCollectionLayout.swift */ = {isa = PBXFileReference; lastKnownFileType = sourcecode.swift; path = ScaleableCollectionLayout.swift; sourceTree = "<group>"; };
		D348D6B326BA6875006229FA /* SelectorView.swift */ = {isa = PBXFileReference; lastKnownFileType = sourcecode.swift; path = SelectorView.swift; sourceTree = "<group>"; };
		D348D6B526BA8D23006229FA /* TestBox.swift */ = {isa = PBXFileReference; lastKnownFileType = sourcecode.swift; path = TestBox.swift; sourceTree = "<group>"; };
		D364F4DA26A529CC00357EAE /* AnimateSample.app */ = {isa = PBXFileReference; explicitFileType = wrapper.application; includeInIndex = 0; path = AnimateSample.app; sourceTree = BUILT_PRODUCTS_DIR; };
		D364F4DD26A529CC00357EAE /* AppDelegate.swift */ = {isa = PBXFileReference; lastKnownFileType = sourcecode.swift; path = AppDelegate.swift; sourceTree = "<group>"; };
		D364F4DF26A529CC00357EAE /* SceneDelegate.swift */ = {isa = PBXFileReference; lastKnownFileType = sourcecode.swift; path = SceneDelegate.swift; sourceTree = "<group>"; };
		D364F4E126A529CC00357EAE /* CellSpreadViewController.swift */ = {isa = PBXFileReference; lastKnownFileType = sourcecode.swift; path = CellSpreadViewController.swift; sourceTree = "<group>"; };
		D364F4E626A529CD00357EAE /* Assets.xcassets */ = {isa = PBXFileReference; lastKnownFileType = folder.assetcatalog; path = Assets.xcassets; sourceTree = "<group>"; };
		D364F4E926A529CD00357EAE /* Base */ = {isa = PBXFileReference; lastKnownFileType = file.storyboard; name = Base; path = Base.lproj/LaunchScreen.storyboard; sourceTree = "<group>"; };
		D364F4EB26A529CD00357EAE /* Info.plist */ = {isa = PBXFileReference; lastKnownFileType = text.plist.xml; path = Info.plist; sourceTree = "<group>"; };
		D364F4F426A53A8400357EAE /* CitizenMinimumCell.swift */ = {isa = PBXFileReference; lastKnownFileType = sourcecode.swift; path = CitizenMinimumCell.swift; sourceTree = "<group>"; };
		D364F4F726A53CB000357EAE /* CitizenInfo.swift */ = {isa = PBXFileReference; lastKnownFileType = sourcecode.swift; path = CitizenInfo.swift; sourceTree = "<group>"; };
		D364F50026A548AE00357EAE /* CellSpreadDetailViewController.swift */ = {isa = PBXFileReference; lastKnownFileType = sourcecode.swift; path = CellSpreadDetailViewController.swift; sourceTree = "<group>"; };
		D364F50A26A54A7700357EAE /* ExpandPushAnimator.swift */ = {isa = PBXFileReference; fileEncoding = 4; lastKnownFileType = sourcecode.swift; path = ExpandPushAnimator.swift; sourceTree = "<group>"; };
		D364F50E26A54B2800357EAE /* ExpandAnimator.swift */ = {isa = PBXFileReference; fileEncoding = 4; lastKnownFileType = sourcecode.swift; path = ExpandAnimator.swift; sourceTree = "<group>"; };
		D36849F226E70041009A7336 /* HomeViewController.swift */ = {isa = PBXFileReference; lastKnownFileType = sourcecode.swift; path = HomeViewController.swift; sourceTree = "<group>"; };
		D36849F426E700CC009A7336 /* TestViewControllerData.swift */ = {isa = PBXFileReference; lastKnownFileType = sourcecode.swift; path = TestViewControllerData.swift; sourceTree = "<group>"; };
		D36849F726E701DA009A7336 /* NumberViewController.swift */ = {isa = PBXFileReference; lastKnownFileType = sourcecode.swift; path = NumberViewController.swift; sourceTree = "<group>"; };
		D36849F926E703E5009A7336 /* HomeTableViewCell.swift */ = {isa = PBXFileReference; lastKnownFileType = sourcecode.swift; path = HomeTableViewCell.swift; sourceTree = "<group>"; };
		D36849FC26E71458009A7336 /* ChartERSeries.swift */ = {isa = PBXFileReference; fileEncoding = 4; lastKnownFileType = sourcecode.swift; path = ChartERSeries.swift; sourceTree = "<group>"; };
		D36849FD26E71458009A7336 /* ChartERView.swift */ = {isa = PBXFileReference; fileEncoding = 4; lastKnownFileType = sourcecode.swift; path = ChartERView.swift; sourceTree = "<group>"; };
		D36849FF26E71458009A7336 /* ChartERBuilder.swift */ = {isa = PBXFileReference; fileEncoding = 4; lastKnownFileType = sourcecode.swift; path = ChartERBuilder.swift; sourceTree = "<group>"; };
		D3684A0026E71458009A7336 /* LineChartERBuilder.swift */ = {isa = PBXFileReference; fileEncoding = 4; lastKnownFileType = sourcecode.swift; path = LineChartERBuilder.swift; sourceTree = "<group>"; };
		D3684A0126E71458009A7336 /* BarChartERBuilder.swift */ = {isa = PBXFileReference; fileEncoding = 4; lastKnownFileType = sourcecode.swift; path = BarChartERBuilder.swift; sourceTree = "<group>"; };
		D36B5CF826D473F70086DCAE /* RawScrollView.swift */ = {isa = PBXFileReference; lastKnownFileType = sourcecode.swift; path = RawScrollView.swift; sourceTree = "<group>"; };
		D36B5CFA26D4740F0086DCAE /* RawScrollViewController.swift */ = {isa = PBXFileReference; lastKnownFileType = sourcecode.swift; path = RawScrollViewController.swift; sourceTree = "<group>"; };
		D36B5CFC26D475110086DCAE /* CGPoint+AnimateSample.swift */ = {isa = PBXFileReference; lastKnownFileType = sourcecode.swift; path = "CGPoint+AnimateSample.swift"; sourceTree = "<group>"; };
		D378DA2826AF86BA00743BED /* ChartViewController.swift */ = {isa = PBXFileReference; lastKnownFileType = sourcecode.swift; path = ChartViewController.swift; sourceTree = "<group>"; };
		D378DA2A26AF876E00743BED /* Number.swift */ = {isa = PBXFileReference; lastKnownFileType = sourcecode.swift; path = Number.swift; sourceTree = "<group>"; };
		D3A36FC926AE6C0B00183BD3 /* HStackView.swift */ = {isa = PBXFileReference; lastKnownFileType = sourcecode.swift; path = HStackView.swift; sourceTree = "<group>"; };
		D3A36FCB26AE83D100183BD3 /* TransitioningInteractable.swift */ = {isa = PBXFileReference; lastKnownFileType = sourcecode.swift; path = TransitioningInteractable.swift; sourceTree = "<group>"; };
		D3ACBC1026D719DE00DD3929 /* ChartView.swift */ = {isa = PBXFileReference; lastKnownFileType = sourcecode.swift; path = ChartView.swift; sourceTree = "<group>"; };
		D3ACBC1226D71DCC00DD3929 /* ChartElements.swift */ = {isa = PBXFileReference; lastKnownFileType = sourcecode.swift; path = ChartElements.swift; sourceTree = "<group>"; };
		D3CB391326B123F400812554 /* DigitScrollLayer.swift */ = {isa = PBXFileReference; lastKnownFileType = sourcecode.swift; path = DigitScrollLayer.swift; sourceTree = "<group>"; };
		D3E683B726B7E7820086FB35 /* TestDetailViewController.swift */ = {isa = PBXFileReference; lastKnownFileType = sourcecode.swift; path = TestDetailViewController.swift; sourceTree = "<group>"; };
		D3E683B926B7E9640086FB35 /* TestExpandableCell.swift */ = {isa = PBXFileReference; lastKnownFileType = sourcecode.swift; path = TestExpandableCell.swift; sourceTree = "<group>"; };
		D3F555E526CDDCF900C3A59A /* GridUXViewController.swift */ = {isa = PBXFileReference; lastKnownFileType = sourcecode.swift; path = GridUXViewController.swift; sourceTree = "<group>"; };
		D3F555E826CDE5EB00C3A59A /* CGFloat+AnimateSample.swift */ = {isa = PBXFileReference; lastKnownFileType = sourcecode.swift; path = "CGFloat+AnimateSample.swift"; sourceTree = "<group>"; };
		D3F555EA26CDEAC300C3A59A /* GridUXCell.swift */ = {isa = PBXFileReference; lastKnownFileType = sourcecode.swift; path = GridUXCell.swift; sourceTree = "<group>"; };
		D3F555EE26CE04FE00C3A59A /* DragCellInfo.swift */ = {isa = PBXFileReference; lastKnownFileType = sourcecode.swift; path = DragCellInfo.swift; sourceTree = "<group>"; };
		D3F555F026CE2DBC00C3A59A /* GridCollectionViewLayout.swift */ = {isa = PBXFileReference; lastKnownFileType = sourcecode.swift; path = GridCollectionViewLayout.swift; sourceTree = "<group>"; };
/* End PBXFileReference section */

/* Begin PBXFrameworksBuildPhase section */
		D364F4D726A529CC00357EAE /* Frameworks */ = {
			isa = PBXFrameworksBuildPhase;
			buildActionMask = 2147483647;
			files = (
			);
			runOnlyForDeploymentPostprocessing = 0;
		};
/* End PBXFrameworksBuildPhase section */

/* Begin PBXGroup section */
		D345FCD226A7D4B000A9126C /* StackView */ = {
			isa = PBXGroup;
			children = (
				D345FCD326A7D4C100A9126C /* Stackable.swift */,
				D345FCD526A7D4C100A9126C /* VStackScroll.swift */,
				D345FCD426A7D4C100A9126C /* VStackView.swift */,
				D3A36FC926AE6C0B00183BD3 /* HStackView.swift */,
			);
			path = StackView;
			sourceTree = "<group>";
		};
		D3479A8426A5556F0006340F /* Protocol */ = {
			isa = PBXGroup;
			children = (
				D3479A8526A555EF0006340F /* TransitioningAnimatable.swift */,
				D3A36FCB26AE83D100183BD3 /* TransitioningInteractable.swift */,
				D3479A8E26A563500006340F /* Expandable.swift */,
			);
			path = Protocol;
			sourceTree = "<group>";
		};
		D3479A8826A556F00006340F /* CellSpread */ = {
			isa = PBXGroup;
			children = (
				D348D6B126BA6808006229FA /* Citizen */,
				D364F4E126A529CC00357EAE /* CellSpreadViewController.swift */,
				D347BA4426B77D0900292FC7 /* ScaleableCollectionLayout.swift */,
				D364F50026A548AE00357EAE /* CellSpreadDetailViewController.swift */,
			);
			path = CellSpread;
			sourceTree = "<group>";
		};
		D3479A8926A5599E0006340F /* UIKit */ = {
			isa = PBXGroup;
			children = (
				D3479A8A26A559AE0006340F /* UIView+AnimateSample.swift */,
				D36B5CFC26D475110086DCAE /* CGPoint+AnimateSample.swift */,
			);
			path = UIKit;
			sourceTree = "<group>";
		};
		D347BA4326B77CD400292FC7 /* ScaleableCollection */ = {
			isa = PBXGroup;
			children = (
			);
			path = ScaleableCollection;
			sourceTree = "<group>";
		};
		D348D6B026BA67F4006229FA /* Chart */ = {
			isa = PBXGroup;
			children = (
				D3ACBC0F26D7117300DD3929 /* Chart */,
				D378DA2826AF86BA00743BED /* ChartViewController.swift */,
				D3E683B726B7E7820086FB35 /* TestDetailViewController.swift */,
			);
			path = Chart;
			sourceTree = "<group>";
		};
		D348D6B126BA6808006229FA /* Citizen */ = {
			isa = PBXGroup;
			children = (
				D364F4F426A53A8400357EAE /* CitizenMinimumCell.swift */,
				D3479A8C26A55A0D0006340F /* CitizenCollectionView.swift */,
				D345FCCE26A7CA4C00A9126C /* CitizenDetailForm.swift */,
			);
			path = Citizen;
			sourceTree = "<group>";
		};
		D348D6B226BA6825006229FA /* Selector */ = {
			isa = PBXGroup;
			children = (
				D348D6B326BA6875006229FA /* SelectorView.swift */,
				D348D6B526BA8D23006229FA /* TestBox.swift */,
			);
			path = Selector;
			sourceTree = "<group>";
		};
		D364F4D126A529CC00357EAE = {
			isa = PBXGroup;
			children = (
				D364F4DC26A529CC00357EAE /* AnimateSample */,
				D364F4DB26A529CC00357EAE /* Products */,
			);
			sourceTree = "<group>";
		};
		D364F4DB26A529CC00357EAE /* Products */ = {
			isa = PBXGroup;
			children = (
				D364F4DA26A529CC00357EAE /* AnimateSample.app */,
			);
			name = Products;
			sourceTree = "<group>";
		};
		D364F4DC26A529CC00357EAE /* AnimateSample */ = {
			isa = PBXGroup;
			children = (
				D3F555E726CDE5DF00C3A59A /* Foundation */,
				D3479A8926A5599E0006340F /* UIKit */,
				D364F4FF26A5489900357EAE /* ViewController */,
				D364F4F926A546A700357EAE /* Animation */,
				D364F4F626A53C8400357EAE /* Data */,
				D364F4F326A53A6900357EAE /* View */,
				D364F4DD26A529CC00357EAE /* AppDelegate.swift */,
				D364F4DF26A529CC00357EAE /* SceneDelegate.swift */,
				D364F4E626A529CD00357EAE /* Assets.xcassets */,
				D364F4E826A529CD00357EAE /* LaunchScreen.storyboard */,
				D364F4EB26A529CD00357EAE /* Info.plist */,
			);
			path = AnimateSample;
			sourceTree = "<group>";
		};
		D364F4F326A53A6900357EAE /* View */ = {
			isa = PBXGroup;
			children = (
				D36849FB26E7143E009A7336 /* ChartER */,
				D348D6B226BA6825006229FA /* Selector */,
				D347BA4326B77CD400292FC7 /* ScaleableCollection */,
				D345FCD226A7D4B000A9126C /* StackView */,
				D3479A8426A5556F0006340F /* Protocol */,
				D345FCD026A7CEAD00A9126C /* SimpleSubject.swift */,
				D3E683B926B7E9640086FB35 /* TestExpandableCell.swift */,
			);
			path = View;
			sourceTree = "<group>";
		};
		D364F4F626A53C8400357EAE /* Data */ = {
			isa = PBXGroup;
			children = (
				D364F4F726A53CB000357EAE /* CitizenInfo.swift */,
				D3F555EE26CE04FE00C3A59A /* DragCellInfo.swift */,
				D36849F426E700CC009A7336 /* TestViewControllerData.swift */,
			);
			path = Data;
			sourceTree = "<group>";
		};
		D364F4F926A546A700357EAE /* Animation */ = {
			isa = PBXGroup;
			children = (
				D364F50926A54A6D00357EAE /* ExpandAnimator */,
			);
			path = Animation;
			sourceTree = "<group>";
		};
		D364F4FF26A5489900357EAE /* ViewController */ = {
			isa = PBXGroup;
			children = (
				D36849F626E701C5009A7336 /* Number */,
				D36B5CF726D473B90086DCAE /* RawScrollView */,
				D3F555E426CDDCDD00C3A59A /* GridUX */,
				D348D6B026BA67F4006229FA /* Chart */,
				D3479A8826A556F00006340F /* CellSpread */,
				D3479A8226A552270006340F /* HomeNavigationController.swift */,
				D36849F226E70041009A7336 /* HomeViewController.swift */,
				D36849F926E703E5009A7336 /* HomeTableViewCell.swift */,
			);
			path = ViewController;
			sourceTree = "<group>";
		};
		D364F50926A54A6D00357EAE /* ExpandAnimator */ = {
			isa = PBXGroup;
			children = (
				D364F50E26A54B2800357EAE /* ExpandAnimator.swift */,
				D364F50A26A54A7700357EAE /* ExpandPushAnimator.swift */,
				D3479A9026A570280006340F /* ExpandPopAnimator.swift */,
			);
			path = ExpandAnimator;
			sourceTree = "<group>";
		};
		D36849F626E701C5009A7336 /* Number */ = {
			isa = PBXGroup;
			children = (
				D3CB391226B123E000812554 /* Number */,
				D36849F726E701DA009A7336 /* NumberViewController.swift */,
			);
			path = Number;
			sourceTree = "<group>";
		};
		D36849FB26E7143E009A7336 /* ChartER */ = {
			isa = PBXGroup;
			children = (
				D36849FE26E71458009A7336 /* ChartERBuilder */,
				D36849FC26E71458009A7336 /* ChartERSeries.swift */,
				D36849FD26E71458009A7336 /* ChartERView.swift */,
			);
			path = ChartER;
			sourceTree = "<group>";
		};
		D36849FE26E71458009A7336 /* ChartERBuilder */ = {
			isa = PBXGroup;
			children = (
				D36849FF26E71458009A7336 /* ChartERBuilder.swift */,
				D3684A0026E71458009A7336 /* LineChartERBuilder.swift */,
				D3684A0126E71458009A7336 /* BarChartERBuilder.swift */,
			);
			path = ChartERBuilder;
			sourceTree = "<group>";
		};
		D36B5CF726D473B90086DCAE /* RawScrollView */ = {
			isa = PBXGroup;
			children = (
				D36B5CF826D473F70086DCAE /* RawScrollView.swift */,
				D36B5CFA26D4740F0086DCAE /* RawScrollViewController.swift */,
			);
			path = RawScrollView;
			sourceTree = "<group>";
		};
		D3ACBC0F26D7117300DD3929 /* Chart */ = {
			isa = PBXGroup;
			children = (
				D3ACBC1026D719DE00DD3929 /* ChartView.swift */,
				D3ACBC1226D71DCC00DD3929 /* ChartElements.swift */,
				D344AB4526D8CBF000F990E7 /* ChartType.swift */,
			);
			path = Chart;
			sourceTree = "<group>";
		};
		D3CB391226B123E000812554 /* Number */ = {
			isa = PBXGroup;
			children = (
				D378DA2A26AF876E00743BED /* Number.swift */,
				D3CB391326B123F400812554 /* DigitScrollLayer.swift */,
			);
			path = Number;
			sourceTree = "<group>";
		};
		D3F555E426CDDCDD00C3A59A /* GridUX */ = {
			isa = PBXGroup;
			children = (
				D3F555E526CDDCF900C3A59A /* GridUXViewController.swift */,
				D3F555EA26CDEAC300C3A59A /* GridUXCell.swift */,
				D3F555F026CE2DBC00C3A59A /* GridCollectionViewLayout.swift */,
			);
			path = GridUX;
			sourceTree = "<group>";
		};
		D3F555E726CDE5DF00C3A59A /* Foundation */ = {
			isa = PBXGroup;
			children = (
				D3F555E826CDE5EB00C3A59A /* CGFloat+AnimateSample.swift */,
				D344AB4326D8772200F990E7 /* Math.swift */,
			);
			path = Foundation;
			sourceTree = "<group>";
		};
/* End PBXGroup section */

/* Begin PBXNativeTarget section */
		D364F4D926A529CC00357EAE /* AnimateSample */ = {
			isa = PBXNativeTarget;
			buildConfigurationList = D364F4EE26A529CD00357EAE /* Build configuration list for PBXNativeTarget "AnimateSample" */;
			buildPhases = (
				D364F4D626A529CC00357EAE /* Sources */,
				D364F4D726A529CC00357EAE /* Frameworks */,
				D364F4D826A529CC00357EAE /* Resources */,
			);
			buildRules = (
			);
			dependencies = (
			);
			name = AnimateSample;
			productName = AnimateSample;
			productReference = D364F4DA26A529CC00357EAE /* AnimateSample.app */;
			productType = "com.apple.product-type.application";
		};
/* End PBXNativeTarget section */

/* Begin PBXProject section */
		D364F4D226A529CC00357EAE /* Project object */ = {
			isa = PBXProject;
			attributes = {
				LastSwiftUpdateCheck = 1250;
				LastUpgradeCheck = 1250;
				TargetAttributes = {
					D364F4D926A529CC00357EAE = {
						CreatedOnToolsVersion = 12.5.1;
					};
				};
			};
			buildConfigurationList = D364F4D526A529CC00357EAE /* Build configuration list for PBXProject "AnimateSample" */;
			compatibilityVersion = "Xcode 9.3";
			developmentRegion = en;
			hasScannedForEncodings = 0;
			knownRegions = (
				en,
				Base,
			);
			mainGroup = D364F4D126A529CC00357EAE;
			productRefGroup = D364F4DB26A529CC00357EAE /* Products */;
			projectDirPath = "";
			projectRoot = "";
			targets = (
				D364F4D926A529CC00357EAE /* AnimateSample */,
			);
		};
/* End PBXProject section */

/* Begin PBXResourcesBuildPhase section */
		D364F4D826A529CC00357EAE /* Resources */ = {
			isa = PBXResourcesBuildPhase;
			buildActionMask = 2147483647;
			files = (
				D364F4EA26A529CD00357EAE /* LaunchScreen.storyboard in Resources */,
				D364F4E726A529CD00357EAE /* Assets.xcassets in Resources */,
			);
			runOnlyForDeploymentPostprocessing = 0;
		};
/* End PBXResourcesBuildPhase section */

/* Begin PBXSourcesBuildPhase section */
		D364F4D626A529CC00357EAE /* Sources */ = {
			isa = PBXSourcesBuildPhase;
			buildActionMask = 2147483647;
			files = (
				D348D6B626BA8D23006229FA /* TestBox.swift in Sources */,
				D3479A9126A570280006340F /* ExpandPopAnimator.swift in Sources */,
				D36B5CF926D473F70086DCAE /* RawScrollView.swift in Sources */,
				D3F555E926CDE5EB00C3A59A /* CGFloat+AnimateSample.swift in Sources */,
				D348D6B426BA6875006229FA /* SelectorView.swift in Sources */,
				D378DA2B26AF876E00743BED /* Number.swift in Sources */,
				D36849FA26E703E5009A7336 /* HomeTableViewCell.swift in Sources */,
				D364F4E226A529CC00357EAE /* CellSpreadViewController.swift in Sources */,
				D378DA2926AF86BA00743BED /* ChartViewController.swift in Sources */,
				D3F555EB26CDEAC300C3A59A /* GridUXCell.swift in Sources */,
				D36849F826E701DA009A7336 /* NumberViewController.swift in Sources */,
				D3ACBC1126D719DE00DD3929 /* ChartView.swift in Sources */,
				D3684A0326E71458009A7336 /* ChartERSeries.swift in Sources */,
				D3479A8B26A559AE0006340F /* UIView+AnimateSample.swift in Sources */,
				D364F4F826A53CB000357EAE /* CitizenInfo.swift in Sources */,
				D36849F326E70041009A7336 /* HomeViewController.swift in Sources */,
				D344AB4626D8CBF000F990E7 /* ChartType.swift in Sources */,
				D3E683BA26B7E9640086FB35 /* TestExpandableCell.swift in Sources */,
				D364F50F26A54B2800357EAE /* ExpandAnimator.swift in Sources */,
				D345FCCF26A7CA4C00A9126C /* CitizenDetailForm.swift in Sources */,
				D345FCD726A7D4C100A9126C /* VStackView.swift in Sources */,
				D36B5CFD26D475110086DCAE /* CGPoint+AnimateSample.swift in Sources */,
				D3F555E626CDDCF900C3A59A /* GridUXViewController.swift in Sources */,
				D364F50126A548AE00357EAE /* CellSpreadDetailViewController.swift in Sources */,
				D345FCD126A7CEAD00A9126C /* SimpleSubject.swift in Sources */,
				D3479A8326A552270006340F /* HomeNavigationController.swift in Sources */,
				D3ACBC1326D71DCC00DD3929 /* ChartElements.swift in Sources */,
				D345FCD626A7D4C100A9126C /* Stackable.swift in Sources */,
				D364F50C26A54A7700357EAE /* ExpandPushAnimator.swift in Sources */,
				D3A36FCC26AE83D100183BD3 /* TransitioningInteractable.swift in Sources */,
				D364F4DE26A529CC00357EAE /* AppDelegate.swift in Sources */,
				D345FCD826A7D4C100A9126C /* VStackScroll.swift in Sources */,
				D3479A8626A555EF0006340F /* TransitioningAnimatable.swift in Sources */,
				D3F555EF26CE04FE00C3A59A /* DragCellInfo.swift in Sources */,
				D347BA4526B77D0900292FC7 /* ScaleableCollectionLayout.swift in Sources */,
				D344AB4426D8772200F990E7 /* Math.swift in Sources */,
				D3479A8F26A563500006340F /* Expandable.swift in Sources */,
				D36B5CFB26D4740F0086DCAE /* RawScrollViewController.swift in Sources */,
				D3CB391426B123F400812554 /* DigitScrollLayer.swift in Sources */,
				D3A36FCA26AE6C0B00183BD3 /* HStackView.swift in Sources */,
				D364F4F526A53A8400357EAE /* CitizenMinimumCell.swift in Sources */,
				D3E683B826B7E7820086FB35 /* TestDetailViewController.swift in Sources */,
				D364F4E026A529CC00357EAE /* SceneDelegate.swift in Sources */,
				D3479A8D26A55A0D0006340F /* CitizenCollectionView.swift in Sources */,
				D3684A0626E71458009A7336 /* LineChartERBuilder.swift in Sources */,
				D3684A0426E71458009A7336 /* ChartERView.swift in Sources */,
				D3F555F126CE2DBC00C3A59A /* GridCollectionViewLayout.swift in Sources */,
				D36849F526E700CC009A7336 /* TestViewControllerData.swift in Sources */,
				D3684A0526E71458009A7336 /* ChartERBuilder.swift in Sources */,
				D3684A0726E71458009A7336 /* BarChartERBuilder.swift in Sources */,
			);
			runOnlyForDeploymentPostprocessing = 0;
		};
/* End PBXSourcesBuildPhase section */

/* Begin PBXVariantGroup section */
		D364F4E826A529CD00357EAE /* LaunchScreen.storyboard */ = {
			isa = PBXVariantGroup;
			children = (
				D364F4E926A529CD00357EAE /* Base */,
			);
			name = LaunchScreen.storyboard;
			sourceTree = "<group>";
		};
/* End PBXVariantGroup section */

/* Begin XCBuildConfiguration section */
		D364F4EC26A529CD00357EAE /* Debug */ = {
			isa = XCBuildConfiguration;
			buildSettings = {
				ALWAYS_SEARCH_USER_PATHS = NO;
				CLANG_ANALYZER_NONNULL = YES;
				CLANG_ANALYZER_NUMBER_OBJECT_CONVERSION = YES_AGGRESSIVE;
				CLANG_CXX_LANGUAGE_STANDARD = "gnu++14";
				CLANG_CXX_LIBRARY = "libc++";
				CLANG_ENABLE_MODULES = YES;
				CLANG_ENABLE_OBJC_ARC = YES;
				CLANG_ENABLE_OBJC_WEAK = YES;
				CLANG_WARN_BLOCK_CAPTURE_AUTORELEASING = YES;
				CLANG_WARN_BOOL_CONVERSION = YES;
				CLANG_WARN_COMMA = YES;
				CLANG_WARN_CONSTANT_CONVERSION = YES;
				CLANG_WARN_DEPRECATED_OBJC_IMPLEMENTATIONS = YES;
				CLANG_WARN_DIRECT_OBJC_ISA_USAGE = YES_ERROR;
				CLANG_WARN_DOCUMENTATION_COMMENTS = YES;
				CLANG_WARN_EMPTY_BODY = YES;
				CLANG_WARN_ENUM_CONVERSION = YES;
				CLANG_WARN_INFINITE_RECURSION = YES;
				CLANG_WARN_INT_CONVERSION = YES;
				CLANG_WARN_NON_LITERAL_NULL_CONVERSION = YES;
				CLANG_WARN_OBJC_IMPLICIT_RETAIN_SELF = YES;
				CLANG_WARN_OBJC_LITERAL_CONVERSION = YES;
				CLANG_WARN_OBJC_ROOT_CLASS = YES_ERROR;
				CLANG_WARN_QUOTED_INCLUDE_IN_FRAMEWORK_HEADER = YES;
				CLANG_WARN_RANGE_LOOP_ANALYSIS = YES;
				CLANG_WARN_STRICT_PROTOTYPES = YES;
				CLANG_WARN_SUSPICIOUS_MOVE = YES;
				CLANG_WARN_UNGUARDED_AVAILABILITY = YES_AGGRESSIVE;
				CLANG_WARN_UNREACHABLE_CODE = YES;
				CLANG_WARN__DUPLICATE_METHOD_MATCH = YES;
				COPY_PHASE_STRIP = NO;
				DEBUG_INFORMATION_FORMAT = dwarf;
				ENABLE_STRICT_OBJC_MSGSEND = YES;
				ENABLE_TESTABILITY = YES;
				GCC_C_LANGUAGE_STANDARD = gnu11;
				GCC_DYNAMIC_NO_PIC = NO;
				GCC_NO_COMMON_BLOCKS = YES;
				GCC_OPTIMIZATION_LEVEL = 0;
				GCC_PREPROCESSOR_DEFINITIONS = (
					"DEBUG=1",
					"$(inherited)",
				);
				GCC_WARN_64_TO_32_BIT_CONVERSION = YES;
				GCC_WARN_ABOUT_RETURN_TYPE = YES_ERROR;
				GCC_WARN_UNDECLARED_SELECTOR = YES;
				GCC_WARN_UNINITIALIZED_AUTOS = YES_AGGRESSIVE;
				GCC_WARN_UNUSED_FUNCTION = YES;
				GCC_WARN_UNUSED_VARIABLE = YES;
				IPHONEOS_DEPLOYMENT_TARGET = 11.0;
				MTL_ENABLE_DEBUG_INFO = INCLUDE_SOURCE;
				MTL_FAST_MATH = YES;
				ONLY_ACTIVE_ARCH = YES;
				SDKROOT = iphoneos;
				SWIFT_ACTIVE_COMPILATION_CONDITIONS = DEBUG;
				SWIFT_OPTIMIZATION_LEVEL = "-Onone";
			};
			name = Debug;
		};
		D364F4ED26A529CD00357EAE /* Release */ = {
			isa = XCBuildConfiguration;
			buildSettings = {
				ALWAYS_SEARCH_USER_PATHS = NO;
				CLANG_ANALYZER_NONNULL = YES;
				CLANG_ANALYZER_NUMBER_OBJECT_CONVERSION = YES_AGGRESSIVE;
				CLANG_CXX_LANGUAGE_STANDARD = "gnu++14";
				CLANG_CXX_LIBRARY = "libc++";
				CLANG_ENABLE_MODULES = YES;
				CLANG_ENABLE_OBJC_ARC = YES;
				CLANG_ENABLE_OBJC_WEAK = YES;
				CLANG_WARN_BLOCK_CAPTURE_AUTORELEASING = YES;
				CLANG_WARN_BOOL_CONVERSION = YES;
				CLANG_WARN_COMMA = YES;
				CLANG_WARN_CONSTANT_CONVERSION = YES;
				CLANG_WARN_DEPRECATED_OBJC_IMPLEMENTATIONS = YES;
				CLANG_WARN_DIRECT_OBJC_ISA_USAGE = YES_ERROR;
				CLANG_WARN_DOCUMENTATION_COMMENTS = YES;
				CLANG_WARN_EMPTY_BODY = YES;
				CLANG_WARN_ENUM_CONVERSION = YES;
				CLANG_WARN_INFINITE_RECURSION = YES;
				CLANG_WARN_INT_CONVERSION = YES;
				CLANG_WARN_NON_LITERAL_NULL_CONVERSION = YES;
				CLANG_WARN_OBJC_IMPLICIT_RETAIN_SELF = YES;
				CLANG_WARN_OBJC_LITERAL_CONVERSION = YES;
				CLANG_WARN_OBJC_ROOT_CLASS = YES_ERROR;
				CLANG_WARN_QUOTED_INCLUDE_IN_FRAMEWORK_HEADER = YES;
				CLANG_WARN_RANGE_LOOP_ANALYSIS = YES;
				CLANG_WARN_STRICT_PROTOTYPES = YES;
				CLANG_WARN_SUSPICIOUS_MOVE = YES;
				CLANG_WARN_UNGUARDED_AVAILABILITY = YES_AGGRESSIVE;
				CLANG_WARN_UNREACHABLE_CODE = YES;
				CLANG_WARN__DUPLICATE_METHOD_MATCH = YES;
				COPY_PHASE_STRIP = NO;
				DEBUG_INFORMATION_FORMAT = "dwarf-with-dsym";
				ENABLE_NS_ASSERTIONS = NO;
				ENABLE_STRICT_OBJC_MSGSEND = YES;
				GCC_C_LANGUAGE_STANDARD = gnu11;
				GCC_NO_COMMON_BLOCKS = YES;
				GCC_WARN_64_TO_32_BIT_CONVERSION = YES;
				GCC_WARN_ABOUT_RETURN_TYPE = YES_ERROR;
				GCC_WARN_UNDECLARED_SELECTOR = YES;
				GCC_WARN_UNINITIALIZED_AUTOS = YES_AGGRESSIVE;
				GCC_WARN_UNUSED_FUNCTION = YES;
				GCC_WARN_UNUSED_VARIABLE = YES;
				IPHONEOS_DEPLOYMENT_TARGET = 11.0;
				MTL_ENABLE_DEBUG_INFO = NO;
				MTL_FAST_MATH = YES;
				SDKROOT = iphoneos;
				SWIFT_COMPILATION_MODE = wholemodule;
				SWIFT_OPTIMIZATION_LEVEL = "-O";
				VALIDATE_PRODUCT = YES;
			};
			name = Release;
		};
		D364F4EF26A529CD00357EAE /* Debug */ = {
			isa = XCBuildConfiguration;
			buildSettings = {
				ASSETCATALOG_COMPILER_APPICON_NAME = AppIcon;
				ASSETCATALOG_COMPILER_GLOBAL_ACCENT_COLOR_NAME = AccentColor;
				CODE_SIGN_STYLE = Automatic;
				DEVELOPMENT_TEAM = 36QX26G9F8;
				INFOPLIST_FILE = AnimateSample/Info.plist;
				LD_RUNPATH_SEARCH_PATHS = (
					"$(inherited)",
					"@executable_path/Frameworks",
				);
				PRODUCT_BUNDLE_IDENTIFIER = com.gaeasoft.AnimateSample;
				PRODUCT_NAME = "$(TARGET_NAME)";
				SWIFT_VERSION = 5.0;
				TARGETED_DEVICE_FAMILY = 1;
			};
			name = Debug;
		};
		D364F4F026A529CD00357EAE /* Release */ = {
			isa = XCBuildConfiguration;
			buildSettings = {
				ASSETCATALOG_COMPILER_APPICON_NAME = AppIcon;
				ASSETCATALOG_COMPILER_GLOBAL_ACCENT_COLOR_NAME = AccentColor;
				CODE_SIGN_STYLE = Automatic;
				DEVELOPMENT_TEAM = 36QX26G9F8;
				INFOPLIST_FILE = AnimateSample/Info.plist;
				LD_RUNPATH_SEARCH_PATHS = (
					"$(inherited)",
					"@executable_path/Frameworks",
				);
				PRODUCT_BUNDLE_IDENTIFIER = com.gaeasoft.AnimateSample;
				PRODUCT_NAME = "$(TARGET_NAME)";
				SWIFT_VERSION = 5.0;
				TARGETED_DEVICE_FAMILY = 1;
			};
			name = Release;
		};
/* End XCBuildConfiguration section */

/* Begin XCConfigurationList section */
		D364F4D526A529CC00357EAE /* Build configuration list for PBXProject "AnimateSample" */ = {
			isa = XCConfigurationList;
			buildConfigurations = (
				D364F4EC26A529CD00357EAE /* Debug */,
				D364F4ED26A529CD00357EAE /* Release */,
			);
			defaultConfigurationIsVisible = 0;
			defaultConfigurationName = Release;
		};
		D364F4EE26A529CD00357EAE /* Build configuration list for PBXNativeTarget "AnimateSample" */ = {
			isa = XCConfigurationList;
			buildConfigurations = (
				D364F4EF26A529CD00357EAE /* Debug */,
				D364F4F026A529CD00357EAE /* Release */,
			);
			defaultConfigurationIsVisible = 0;
			defaultConfigurationName = Release;
		};
/* End XCConfigurationList section */
	};
	rootObject = D364F4D226A529CC00357EAE /* Project object */;
}
